
Microsoft Visual Studio Solution File, Format Version 12.00
# Visual Studio Version 16
VisualStudioVersion = 16.0.31112.23
MinimumVisualStudioVersion = 10.0.40219.1
Project("{888888A0-9F3D-457C-B088-3A5042F75D52}") = "PythonApplication1", "PythonApplication1\PythonApplication1.pyproj", "{5091898E-8DE7-4B3D-81E0-E1DA3F83C366}"
EndProject
Project("{888888A0-9F3D-457C-B088-3A5042F75D52}") = "Logistic-dddd", "Logistic-dddd\Logistic-dddd.pyproj", "{5C6A63E5-F46D-4E01-9CB0-7D87A1F97454}"
EndProject
Global
	GlobalSection(SolutionConfigurationPlatforms) = preSolution
		Debug|Any CPU = Debug|Any CPU
		Release|Any CPU = Release|Any CPU
	EndGlobalSection
	GlobalSection(ProjectConfigurationPlatforms) = postSolution
		{5091898E-8DE7-4B3D-81E0-E1DA3F83C366}.Debug|Any CPU.ActiveCfg = Debug|Any CPU
		{5091898E-8DE7-4B3D-81E0-E1DA3F83C366}.Release|Any CPU.ActiveCfg = Release|Any CPU
		{5C6A63E5-F46D-4E01-9CB0-7D87A1F97454}.Debug|Any CPU.ActiveCfg = Debug|Any CPU
		{5C6A63E5-F46D-4E01-9CB0-7D87A1F97454}.Release|Any CPU.ActiveCfg = Release|Any CPU
	EndGlobalSection
	GlobalSection(SolutionProperties) = preSolution
		HideSolutionNode = FALSE
	EndGlobalSection
	GlobalSection(ExtensibilityGlobals) = postSolution
		SolutionGuid = {7141AEE2-C982-413F-8FCC-87CCE0ABD978}
	EndGlobalSection
EndGlobal
